dependencies:
- name: grafana
  repository: https://grafana.github.io/helm-charts
  version: 7.0.0
- name: tempo
  repository: https://grafana.github.io/helm-charts
  version: 1.6.2
- name: prometheus
  repository: https://prometheus-community.github.io/helm-charts
  version: 25.3.1
- name: rustfs
  repository: https://charts.rustfs.com/
  version: 0.0.84
digest: sha256:d46b6a5d7c6cf12ed38e59d8b1a03154a006437c5d5121acddacc88a4d8c3e22
generated: "2026-03-03T10:48:09.747077+01:00"
